// !$*UTF8*$!
{
	archiveVersion = 1;
	classes = {
	};
	objectVersion = 54;
	objects = {

/* Begin PBXBuildFile section */
		09097F8B60F74B26AF57460F /* SVN-Poppins-BlackItalic.otf in Resources */ = {isa = PBXBuildFile; fileRef = 55979F27D6C643F89A244A62 /* SVN-Poppins-BlackItalic.otf */; };
		0C80B921A6F3F58F76C31292 /* libPods-TheSecondApp_CTV.a in Frameworks */ = {isa = PBXBuildFile; fileRef = 5DCACB8F33CDC322A6C60F78 /* libPods-TheSecondApp_CTV.a */; };
		13B07FBF1A68108700A75B9A /* Images.xcassets in Resources */ = {isa = PBXBuildFile; fileRef = 13B07FB51A68108700A75B9A /* Images.xcassets */; };
		2141900BAD2B4310BA1E6DF3 /* SVN-Poppins-Medium.otf in Resources */ = {isa = PBXBuildFile; fileRef = 5FAEDAEC975546D5B14E53DA /* SVN-Poppins-Medium.otf */; };
		4D8E09AF2A304132816F7BAF /* SVN-Poppins-ExtraBoldItalic.otf in Resources */ = {isa = PBXBuildFile; fileRef = 7D779EF046A54353AF72D813 /* SVN-Poppins-ExtraBoldItalic.otf */; };
		516BD57E8789428E9ABAE0A9 /* SVN-Poppins-MediumItalic.otf in Resources */ = {isa = PBXBuildFile; fileRef = 0ECFA999A93A42D5A432B233 /* SVN-Poppins-MediumItalic.otf */; };
		52A8E0A9A7174561B8AAFDF4 /* SVN-Poppins-SemiBoldItalic.otf in Resources */ = {isa = PBXBuildFile; fileRef = 1178D861058B476A932B8EC1 /* SVN-Poppins-SemiBoldItalic.otf */; };
		761780ED2CA45674006654EE /* AppDelegate.swift in Sources */ = {isa = PBXBuildFile; fileRef = 761780EC2CA45674006654EE /* AppDelegate.swift */; };
		782641E713F447F796ADBC48 /* SVN-Poppins-Bold.otf in Resources */ = {isa = PBXBuildFile; fileRef = 684C825E363B4518BAEC3EAD /* SVN-Poppins-Bold.otf */; };
		81AB9BB82411601600AC10FF /* LaunchScreen.storyboard in Resources */ = {isa = PBXBuildFile; fileRef = 81AB9BB72411601600AC10FF /* LaunchScreen.storyboard */; };
		9B3F565D732C472594FB2E76 /* SVN-Poppins-ExtraBold.otf in Resources */ = {isa = PBXBuildFile; fileRef = FB3927F306554B269F13ECE1 /* SVN-Poppins-ExtraBold.otf */; };
		9BED7BEE476644AE9287E4D4 /* SVN-Poppins-Thin.otf in Resources */ = {isa = PBXBuildFile; fileRef = 5EF0D591D14E4EFFBFD6E6CE /* SVN-Poppins-Thin.otf */; };
		A1680A8BFED3498B91AC9721 /* PrivacyInfo.xcprivacy in Resources */ = {isa = PBXBuildFile; fileRef = 13B07FB81A68108700A75B9A /* PrivacyInfo.xcprivacy */; };
		A4E95E9C6C97492BB685ED37 /* SVN-Poppins-BoldItalic.otf in Resources */ = {isa = PBXBuildFile; fileRef = 9EE3A0ACAADF444DBBA13395 /* SVN-Poppins-BoldItalic.otf */; };
		A79B6FD805CE464BB3AC4194 /* SVN-Poppins-Black.otf in Resources */ = {isa = PBXBuildFile; fileRef = D95D3CFA4C624B059B4130B3 /* SVN-Poppins-Black.otf */; };
		C3A638090E304DF49F23FEF4 /* SVN-Poppins-SemiBold.otf in Resources */ = {isa = PBXBuildFile; fileRef = 5D38209AC29A410F866BFD84 /* SVN-Poppins-SemiBold.otf */; };
		C3FA35F39A104F09B45B8E9F /* SVN-Poppins-Regular.otf in Resources */ = {isa = PBXBuildFile; fileRef = 6A54C5DE5BA246B7A9B0FA10 /* SVN-Poppins-Regular.otf */; };
		C9C9B428320F439FA9FBC8E9 /* SVN-Poppins-Italic.otf in Resources */ = {isa = PBXBuildFile; fileRef = 1714C4EE54EA419688FF551D /* SVN-Poppins-Italic.otf */; };
		CE59627F2C8C4B4CA14EAEB4 /* SVN-Poppins-Light.otf in Resources */ = {isa = PBXBuildFile; fileRef = 01DF8E8A3CDB401DB34C504A /* SVN-Poppins-Light.otf */; };
		E3AA6779BF0F4363BB65903E /* SVN-Poppins-LightItalic.otf in Resources */ = {isa = PBXBuildFile; fileRef = 4D15155DB13A43C6B82ABFCF /* SVN-Poppins-LightItalic.otf */; };
		E4DFFBAC2AB9423D9BB70AF2 /* SVN-Poppins-ExtraLightItalic.otf in Resources */ = {isa = PBXBuildFile; fileRef = 53CA9D8502FA4BED8DF2954B /* SVN-Poppins-ExtraLightItalic.otf */; };
		F083BF4EB6AA410FBEDD60FE /* SVN-Poppins-ThinItalic.otf in Resources */ = {isa = PBXBuildFile; fileRef = 6BA61F55195046C18A671609 /* SVN-Poppins-ThinItalic.otf */; };
		FBCF4A0C7AA743669FF692E0 /* SVN-Poppins-ExtraLight.otf in Resources */ = {isa = PBXBuildFile; fileRef = 8A981153443441948812931A /* SVN-Poppins-ExtraLight.otf */; };
/* End PBXBuildFile section */

/* Begin PBXFileReference section */
		01DF8E8A3CDB401DB34C504A /* SVN-Poppins-Light.otf */ = {isa = PBXFileReference; explicitFileType = undefined; fileEncoding = undefined; includeInIndex = 0; lastKnownFileType = unknown; name = "SVN-Poppins-Light.otf"; path = "../src/assets/fonts/SVN-Poppins-Light.otf"; sourceTree = "<group>"; };
		0ECFA999A93A42D5A432B233 /* SVN-Poppins-MediumItalic.otf */ = {isa = PBXFileReference; explicitFileType = undefined; fileEncoding = undefined; includeInIndex = 0; lastKnownFileType = unknown; name = "SVN-Poppins-MediumItalic.otf"; path = "../src/assets/fonts/SVN-Poppins-MediumItalic.otf"; sourceTree = "<group>"; };
		1178D861058B476A932B8EC1 /* SVN-Poppins-SemiBoldItalic.otf */ = {isa = PBXFileReference; explicitFileType = undefined; fileEncoding = undefined; includeInIndex = 0; lastKnownFileType = unknown; name = "SVN-Poppins-SemiBoldItalic.otf"; path = "../src/assets/fonts/SVN-Poppins-SemiBoldItalic.otf"; sourceTree = "<group>"; };
		13B07F961A680F5B00A75B9A /* TheSecondApp_CTV.app */ = {isa = PBXFileReference; explicitFileType = wrapper.application; includeInIndex = 0; path = TheSecondApp_CTV.app; sourceTree = BUILT_PRODUCTS_DIR; };
		13B07FB51A68108700A75B9A /* Images.xcassets */ = {isa = PBXFileReference; lastKnownFileType = folder.assetcatalog; name = Images.xcassets; path = TheSecondApp_CTV/Images.xcassets; sourceTree = "<group>"; };
		13B07FB61A68108700A75B9A /* Info.plist */ = {isa = PBXFileReference; fileEncoding = 4; lastKnownFileType = text.plist.xml; name = Info.plist; path = TheSecondApp_CTV/Info.plist; sourceTree = "<group>"; };
		13B07FB81A68108700A75B9A /* PrivacyInfo.xcprivacy */ = {isa = PBXFileReference; fileEncoding = 4; lastKnownFileType = text.plist.xml; name = PrivacyInfo.xcprivacy; path = TheSecondApp_CTV/PrivacyInfo.xcprivacy; sourceTree = "<group>"; };
		1714C4EE54EA419688FF551D /* SVN-Poppins-Italic.otf */ = {isa = PBXFileReference; explicitFileType = undefined; fileEncoding = undefined; includeInIndex = 0; lastKnownFileType = unknown; name = "SVN-Poppins-Italic.otf"; path = "../src/assets/fonts/SVN-Poppins-Italic.otf"; sourceTree = "<group>"; };
		3B4392A12AC88292D35C810B /* Pods-TheSecondApp_CTV.debug.xcconfig */ = {isa = PBXFileReference; includeInIndex = 1; lastKnownFileType = text.xcconfig; name = "Pods-TheSecondApp_CTV.debug.xcconfig"; path = "Target Support Files/Pods-TheSecondApp_CTV/Pods-TheSecondApp_CTV.debug.xcconfig"; sourceTree = "<group>"; };
		4D15155DB13A43C6B82ABFCF /* SVN-Poppins-LightItalic.otf */ = {isa = PBXFileReference; explicitFileType = undefined; fileEncoding = undefined; includeInIndex = 0; lastKnownFileType = unknown; name = "SVN-Poppins-LightItalic.otf"; path = "../src/assets/fonts/SVN-Poppins-LightItalic.otf"; sourceTree = "<group>"; };
		53CA9D8502FA4BED8DF2954B /* SVN-Poppins-ExtraLightItalic.otf */ = {isa = PBXFileReference; explicitFileType = undefined; fileEncoding = undefined; includeInIndex = 0; lastKnownFileType = unknown; name = "SVN-Poppins-ExtraLightItalic.otf"; path = "../src/assets/fonts/SVN-Poppins-ExtraLightItalic.otf"; sourceTree = "<group>"; };
		55979F27D6C643F89A244A62 /* SVN-Poppins-BlackItalic.otf */ = {isa = PBXFileReference; explicitFileType = undefined; fileEncoding = undefined; includeInIndex = 0; lastKnownFileType = unknown; name = "SVN-Poppins-BlackItalic.otf"; path = "../src/assets/fonts/SVN-Poppins-BlackItalic.otf"; sourceTree = "<group>"; };
		5709B34CF0A7D63546082F79 /* Pods-TheSecondApp_CTV.release.xcconfig */ = {isa = PBXFileReference; includeInIndex = 1; lastKnownFileType = text.xcconfig; name = "Pods-TheSecondApp_CTV.release.xcconfig"; path = "Target Support Files/Pods-TheSecondApp_CTV/Pods-TheSecondApp_CTV.release.xcconfig"; sourceTree = "<group>"; };
		5D38209AC29A410F866BFD84 /* SVN-Poppins-SemiBold.otf */ = {isa = PBXFileReference; explicitFileType = undefined; fileEncoding = undefined; includeInIndex = 0; lastKnownFileType = unknown; name = "SVN-Poppins-SemiBold.otf"; path = "../src/assets/fonts/SVN-Poppins-SemiBold.otf"; sourceTree = "<group>"; };
		5DCACB8F33CDC322A6C60F78 /* libPods-TheSecondApp_CTV.a */ = {isa = PBXFileReference; explicitFileType = archive.ar; includeInIndex = 0; path = "libPods-TheSecondApp_CTV.a"; sourceTree = BUILT_PRODUCTS_DIR; };
		5EF0D591D14E4EFFBFD6E6CE /* SVN-Poppins-Thin.otf */ = {isa = PBXFileReference; explicitFileType = undefined; fileEncoding = undefined; includeInIndex = 0; lastKnownFileType = unknown; name = "SVN-Poppins-Thin.otf"; path = "../src/assets/fonts/SVN-Poppins-Thin.otf"; sourceTree = "<group>"; };
		5FAEDAEC975546D5B14E53DA /* SVN-Poppins-Medium.otf */ = {isa = PBXFileReference; explicitFileType = undefined; fileEncoding = undefined; includeInIndex = 0; lastKnownFileType = unknown; name = "SVN-Poppins-Medium.otf"; path = "../src/assets/fonts/SVN-Poppins-Medium.otf"; sourceTree = "<group>"; };
		684C825E363B4518BAEC3EAD /* SVN-Poppins-Bold.otf */ = {isa = PBXFileReference; explicitFileType = undefined; fileEncoding = undefined; includeInIndex = 0; lastKnownFileType = unknown; name = "SVN-Poppins-Bold.otf"; path = "../src/assets/fonts/SVN-Poppins-Bold.otf"; sourceTree = "<group>"; };
		6A54C5DE5BA246B7A9B0FA10 /* SVN-Poppins-Regular.otf */ = {isa = PBXFileReference; explicitFileType = undefined; fileEncoding = undefined; includeInIndex = 0; lastKnownFileType = unknown; name = "SVN-Poppins-Regular.otf"; path = "../src/assets/fonts/SVN-Poppins-Regular.otf"; sourceTree = "<group>"; };
		6BA61F55195046C18A671609 /* SVN-Poppins-ThinItalic.otf */ = {isa = PBXFileReference; explicitFileType = undefined; fileEncoding = undefined; includeInIndex = 0; lastKnownFileType = unknown; name = "SVN-Poppins-ThinItalic.otf"; path = "../src/assets/fonts/SVN-Poppins-ThinItalic.otf"; sourceTree = "<group>"; };
		761780EC2CA45674006654EE /* AppDelegate.swift */ = {isa = PBXFileReference; lastKnownFileType = sourcecode.swift; name = AppDelegate.swift; path = TheSecondApp_CTV/AppDelegate.swift; sourceTree = "<group>"; };
		7D779EF046A54353AF72D813 /* SVN-Poppins-ExtraBoldItalic.otf */ = {isa = PBXFileReference; explicitFileType = undefined; fileEncoding = undefined; includeInIndex = 0; lastKnownFileType = unknown; name = "SVN-Poppins-ExtraBoldItalic.otf"; path = "../src/assets/fonts/SVN-Poppins-ExtraBoldItalic.otf"; sourceTree = "<group>"; };
		81AB9BB72411601600AC10FF /* LaunchScreen.storyboard */ = {isa = PBXFileReference; fileEncoding = 4; lastKnownFileType = file.storyboard; name = LaunchScreen.storyboard; path = TheSecondApp_CTV/LaunchScreen.storyboard; sourceTree = "<group>"; };
		8A981153443441948812931A /* SVN-Poppins-ExtraLight.otf */ = {isa = PBXFileReference; explicitFileType = undefined; fileEncoding = undefined; includeInIndex = 0; lastKnownFileType = unknown; name = "SVN-Poppins-ExtraLight.otf"; path = "../src/assets/fonts/SVN-Poppins-ExtraLight.otf"; sourceTree = "<group>"; };
		9EE3A0ACAADF444DBBA13395 /* SVN-Poppins-BoldItalic.otf */ = {isa = PBXFileReference; explicitFileType = undefined; fileEncoding = undefined; includeInIndex = 0; lastKnownFileType = unknown; name = "SVN-Poppins-BoldItalic.otf"; path = "../src/assets/fonts/SVN-Poppins-BoldItalic.otf"; sourceTree = "<group>"; };
		D95D3CFA4C624B059B4130B3 /* SVN-Poppins-Black.otf */ = {isa = PBXFileReference; explicitFileType = undefined; fileEncoding = undefined; includeInIndex = 0; lastKnownFileType = unknown; name = "SVN-Poppins-Black.otf"; path = "../src/assets/fonts/SVN-Poppins-Black.otf"; sourceTree = "<group>"; };
		ED297162215061F000B7C4FE /* JavaScriptCore.framework */ = {isa = PBXFileReference; lastKnownFileType = wrapper.framework; name = JavaScriptCore.framework; path = System/Library/Frameworks/JavaScriptCore.framework; sourceTree = SDKROOT; };
		FB3927F306554B269F13ECE1 /* SVN-Poppins-ExtraBold.otf */ = {isa = PBXFileReference; explicitFileType = undefined; fileEncoding = undefined; includeInIndex = 0; lastKnownFileType = unknown; name = "SVN-Poppins-ExtraBold.otf"; path = "../src/assets/fonts/SVN-Poppins-ExtraBold.otf"; sourceTree = "<group>"; };
/* End PBXFileReference section */

/* Begin PBXFrameworksBuildPhase section */
		13B07F8C1A680F5B00A75B9A /* Frameworks */ = {
			isa = PBXFrameworksBuildPhase;
			buildActionMask = 2147483647;
			files = (
				0C80B921A6F3F58F76C31292 /* libPods-TheSecondApp_CTV.a in Frameworks */,
			);
			runOnlyForDeploymentPostprocessing = 0;
		};
/* End PBXFrameworksBuildPhase section */

/* Begin PBXGroup section */
		0CDF5C269F5D44038AD3C9C5 /* Resources */ = {
			isa = PBXGroup;
			children = (
				D95D3CFA4C624B059B4130B3 /* SVN-Poppins-Black.otf */,
				55979F27D6C643F89A244A62 /* SVN-Poppins-BlackItalic.otf */,
				684C825E363B4518BAEC3EAD /* SVN-Poppins-Bold.otf */,
				9EE3A0ACAADF444DBBA13395 /* SVN-Poppins-BoldItalic.otf */,
				FB3927F306554B269F13ECE1 /* SVN-Poppins-ExtraBold.otf */,
				7D779EF046A54353AF72D813 /* SVN-Poppins-ExtraBoldItalic.otf */,
				8A981153443441948812931A /* SVN-Poppins-ExtraLight.otf */,
				53CA9D8502FA4BED8DF2954B /* SVN-Poppins-ExtraLightItalic.otf */,
				1714C4EE54EA419688FF551D /* SVN-Poppins-Italic.otf */,
				01DF8E8A3CDB401DB34C504A /* SVN-Poppins-Light.otf */,
				4D15155DB13A43C6B82ABFCF /* SVN-Poppins-LightItalic.otf */,
				5FAEDAEC975546D5B14E53DA /* SVN-Poppins-Medium.otf */,
				0ECFA999A93A42D5A432B233 /* SVN-Poppins-MediumItalic.otf */,
				6A54C5DE5BA246B7A9B0FA10 /* SVN-Poppins-Regular.otf */,
				5D38209AC29A410F866BFD84 /* SVN-Poppins-SemiBold.otf */,
				1178D861058B476A932B8EC1 /* SVN-Poppins-SemiBoldItalic.otf */,
				5EF0D591D14E4EFFBFD6E6CE /* SVN-Poppins-Thin.otf */,
				6BA61F55195046C18A671609 /* SVN-Poppins-ThinItalic.otf */,
			);
			name = Resources;
			path = "";
			sourceTree = "<group>";
		};
		13B07FAE1A68108700A75B9A /* TheSecondApp_CTV */ = {
			isa = PBXGroup;
			children = (
				13B07FB51A68108700A75B9A /* Images.xcassets */,
				761780EC2CA45674006654EE /* AppDelegate.swift */,
				13B07FB61A68108700A75B9A /* Info.plist */,
				81AB9BB72411601600AC10FF /* LaunchScreen.storyboard */,
				13B07FB81A68108700A75B9A /* PrivacyInfo.xcprivacy */,
			);
			name = TheSecondApp_CTV;
			sourceTree = "<group>";
		};
		2D16E6871FA4F8E400B85C8A /* Frameworks */ = {
			isa = PBXGroup;
			children = (
				ED297162215061F000B7C4FE /* JavaScriptCore.framework */,
				5DCACB8F33CDC322A6C60F78 /* libPods-TheSecondApp_CTV.a */,
			);
			name = Frameworks;
			sourceTree = "<group>";
		};
		832341AE1AAA6A7D00B99B32 /* Libraries */ = {
			isa = PBXGroup;
			children = (
			);
			name = Libraries;
			sourceTree = "<group>";
		};
		83CBB9F61A601CBA00E9B192 = {
			isa = PBXGroup;
			children = (
				13B07FAE1A68108700A75B9A /* TheSecondApp_CTV */,
				832341AE1AAA6A7D00B99B32 /* Libraries */,
				83CBBA001A601CBA00E9B192 /* Products */,
				2D16E6871FA4F8E400B85C8A /* Frameworks */,
				BBD78D7AC51CEA395F1C20DB /* Pods */,
				0CDF5C269F5D44038AD3C9C5 /* Resources */,
			);
			indentWidth = 2;
			sourceTree = "<group>";
			tabWidth = 2;
			usesTabs = 0;
		};
		83CBBA001A601CBA00E9B192 /* Products */ = {
			isa = PBXGroup;
			children = (
				13B07F961A680F5B00A75B9A /* TheSecondApp_CTV.app */,
			);
			name = Products;
			sourceTree = "<group>";
		};
		BBD78D7AC51CEA395F1C20DB /* Pods */ = {
			isa = PBXGroup;
			children = (
				3B4392A12AC88292D35C810B /* Pods-TheSecondApp_CTV.debug.xcconfig */,
				5709B34CF0A7D63546082F79 /* Pods-TheSecondApp_CTV.release.xcconfig */,
			);
			path = Pods;
			sourceTree = "<group>";
		};
/* End PBXGroup section */

/* Begin PBXNativeTarget section */
		13B07F861A680F5B00A75B9A /* TheSecondApp_CTV */ = {
			isa = PBXNativeTarget;
			buildConfigurationList = 13B07F931A680F5B00A75B9A /* Build configuration list for PBXNativeTarget "TheSecondApp_CTV" */;
			buildPhases = (
				C38B50BA6285516D6DCD4F65 /* [CP] Check Pods Manifest.lock */,
				13B07F871A680F5B00A75B9A /* Sources */,
				13B07F8C1A680F5B00A75B9A /* Frameworks */,
				13B07F8E1A680F5B00A75B9A /* Resources */,
				00DD1BFF1BD5951E006B06BC /* Bundle React Native code and images */,
				00EEFC60759A1932668264C0 /* [CP] Embed Pods Frameworks */,
				E235C05ADACE081382539298 /* [CP] Copy Pods Resources */,
			);
			buildRules = (
			);
			dependencies = (
			);
			name = TheSecondApp_CTV;
			productName = TheSecondApp_CTV;
			productReference = 13B07F961A680F5B00A75B9A /* TheSecondApp_CTV.app */;
			productType = "com.apple.product-type.application";
		};
/* End PBXNativeTarget section */

/* Begin PBXProject section */
		83CBB9F71A601CBA00E9B192 /* Project object */ = {
			isa = PBXProject;
			attributes = {
				LastUpgradeCheck = 1210;
				TargetAttributes = {
					13B07F861A680F5B00A75B9A = {
						LastSwiftMigration = 1120;
					};
				};
			};
			buildConfigurationList = 83CBB9FA1A601CBA00E9B192 /* Build configuration list for PBXProject "TheSecondApp_CTV" */;
			compatibilityVersion = "Xcode 12.0";
			developmentRegion = en;
			hasScannedForEncodings = 0;
			knownRegions = (
				en,
				Base,
			);
			mainGroup = 83CBB9F61A601CBA00E9B192;
			productRefGroup = 83CBBA001A601CBA00E9B192 /* Products */;
			projectDirPath = "";
			projectRoot = "";
			targets = (
				13B07F861A680F5B00A75B9A /* TheSecondApp_CTV */,
			);
		};
/* End PBXProject section */

/* Begin PBXResourcesBuildPhase section */
		13B07F8E1A680F5B00A75B9A /* Resources */ = {
			isa = PBXResourcesBuildPhase;
			buildActionMask = 2147483647;
			files = (
				81AB9BB82411601600AC10FF /* LaunchScreen.storyboard in Resources */,
				13B07FBF1A68108700A75B9A /* Images.xcassets in Resources */,
				A1680A8BFED3498B91AC9721 /* PrivacyInfo.xcprivacy in Resources */,
				A79B6FD805CE464BB3AC4194 /* SVN-Poppins-Black.otf in Resources */,
				09097F8B60F74B26AF57460F /* SVN-Poppins-BlackItalic.otf in Resources */,
				782641E713F447F796ADBC48 /* SVN-Poppins-Bold.otf in Resources */,
				A4E95E9C6C97492BB685ED37 /* SVN-Poppins-BoldItalic.otf in Resources */,
				9B3F565D732C472594FB2E76 /* SVN-Poppins-ExtraBold.otf in Resources */,
				4D8E09AF2A304132816F7BAF /* SVN-Poppins-ExtraBoldItalic.otf in Resources */,
				FBCF4A0C7AA743669FF692E0 /* SVN-Poppins-ExtraLight.otf in Resources */,
				E4DFFBAC2AB9423D9BB70AF2 /* SVN-Poppins-ExtraLightItalic.otf in Resources */,
				C9C9B428320F439FA9FBC8E9 /* SVN-Poppins-Italic.otf in Resources */,
				CE59627F2C8C4B4CA14EAEB4 /* SVN-Poppins-Light.otf in Resources */,
				E3AA6779BF0F4363BB65903E /* SVN-Poppins-LightItalic.otf in Resources */,
				2141900BAD2B4310BA1E6DF3 /* SVN-Poppins-Medium.otf in Resources */,
				516BD57E8789428E9ABAE0A9 /* SVN-Poppins-MediumItalic.otf in Resources */,
				C3FA35F39A104F09B45B8E9F /* SVN-Poppins-Regular.otf in Resources */,
				C3A638090E304DF49F23FEF4 /* SVN-Poppins-SemiBold.otf in Resources */,
				52A8E0A9A7174561B8AAFDF4 /* SVN-Poppins-SemiBoldItalic.otf in Resources */,
				9BED7BEE476644AE9287E4D4 /* SVN-Poppins-Thin.otf in Resources */,
				F083BF4EB6AA410FBEDD60FE /* SVN-Poppins-ThinItalic.otf in Resources */,
			);
			runOnlyForDeploymentPostprocessing = 0;
		};
/* End PBXResourcesBuildPhase section */

/* Begin PBXShellScriptBuildPhase section */
		00DD1BFF1BD5951E006B06BC /* Bundle React Native code and images */ = {
			isa = PBXShellScriptBuildPhase;
			buildActionMask = 2147483647;
			files = (
			);
			inputPaths = (
				"$(SRCROOT)/.xcode.env.local",
				"$(SRCROOT)/.xcode.env",
			);
			name = "Bundle React Native code and images";
			outputPaths = (
			);
			runOnlyForDeploymentPostprocessing = 0;
			shellPath = /bin/sh;
			shellScript = "set -e\n\nWITH_ENVIRONMENT=\"$REACT_NATIVE_PATH/scripts/xcode/with-environment.sh\"\nREACT_NATIVE_XCODE=\"$REACT_NATIVE_PATH/scripts/react-native-xcode.sh\"\n\n/bin/sh -c \"$WITH_ENVIRONMENT $REACT_NATIVE_XCODE\"\n";
		};
		00EEFC60759A1932668264C0 /* [CP] Embed Pods Frameworks */ = {
			isa = PBXShellScriptBuildPhase;
			buildActionMask = 2147483647;
			files = (
			);
			inputFileListPaths = (
				"${PODS_ROOT}/Target Support Files/Pods-TheSecondApp_CTV/Pods-TheSecondApp_CTV-frameworks-${CONFIGURATION}-input-files.xcfilelist",
			);
			name = "[CP] Embed Pods Frameworks";
			outputFileListPaths = (
				"${PODS_ROOT}/Target Support Files/Pods-TheSecondApp_CTV/Pods-TheSecondApp_CTV-frameworks-${CONFIGURATION}-output-files.xcfilelist",
			);
			runOnlyForDeploymentPostprocessing = 0;
			shellPath = /bin/sh;
			shellScript = "\"${PODS_ROOT}/Target Support Files/Pods-TheSecondApp_CTV/Pods-TheSecondApp_CTV-frameworks.sh\"\n";
			showEnvVarsInLog = 0;
		};
		C38B50BA6285516D6DCD4F65 /* [CP] Check Pods Manifest.lock */ = {
			isa = PBXShellScriptBuildPhase;
			buildActionMask = 2147483647;
			files = (
			);
			inputFileListPaths = (
			);
			inputPaths = (
				"${PODS_PODFILE_DIR_PATH}/Podfile.lock",
				"${PODS_ROOT}/Manifest.lock",
			);
			name = "[CP] Check Pods Manifest.lock";
			outputFileListPaths = (
			);
			outputPaths = (
				"$(DERIVED_FILE_DIR)/Pods-TheSecondApp_CTV-checkManifestLockResult.txt",
			);
			runOnlyForDeploymentPostprocessing = 0;
			shellPath = /bin/sh;
			shellScript = "diff \"${PODS_PODFILE_DIR_PATH}/Podfile.lock\" \"${PODS_ROOT}/Manifest.lock\" > /dev/null\nif [ $? != 0 ] ; then\n    # print error to STDERR\n    echo \"error: The sandbox is not in sync with the Podfile.lock. Run 'pod install' or update your CocoaPods installation.\" >&2\n    exit 1\nfi\n# This output is used by Xcode 'outputs' to avoid re-running this script phase.\necho \"SUCCESS\" > \"${SCRIPT_OUTPUT_FILE_0}\"\n";
			showEnvVarsInLog = 0;
		};
		E235C05ADACE081382539298 /* [CP] Copy Pods Resources */ = {
			isa = PBXShellScriptBuildPhase;
			buildActionMask = 2147483647;
			files = (
			);
			inputFileListPaths = (
				"${PODS_ROOT}/Target Support Files/Pods-TheSecondApp_CTV/Pods-TheSecondApp_CTV-resources-${CONFIGURATION}-input-files.xcfilelist",
			);
			name = "[CP] Copy Pods Resources";
			outputFileListPaths = (
				"${PODS_ROOT}/Target Support Files/Pods-TheSecondApp_CTV/Pods-TheSecondApp_CTV-resources-${CONFIGURATION}-output-files.xcfilelist",
			);
			runOnlyForDeploymentPostprocessing = 0;
			shellPath = /bin/sh;
			shellScript = "\"${PODS_ROOT}/Target Support Files/Pods-TheSecondApp_CTV/Pods-TheSecondApp_CTV-resources.sh\"\n";
			showEnvVarsInLog = 0;
		};
/* End PBXShellScriptBuildPhase section */

/* Begin PBXSourcesBuildPhase section */
		13B07F871A680F5B00A75B9A /* Sources */ = {
			isa = PBXSourcesBuildPhase;
			buildActionMask = 2147483647;
			files = (
				761780ED2CA45674006654EE /* AppDelegate.swift in Sources */,
			);
			runOnlyForDeploymentPostprocessing = 0;
		};
/* End PBXSourcesBuildPhase section */

/* Begin XCBuildConfiguration section */
		13B07F941A680F5B00A75B9A /* Debug */ = {
			isa = XCBuildConfiguration;
			baseConfigurationReference = 3B4392A12AC88292D35C810B /* Pods-TheSecondApp_CTV.debug.xcconfig */;
			buildSettings = {
				ASSETCATALOG_COMPILER_APPICON_NAME = AppIcon;
				CLANG_ENABLE_MODULES = YES;
				CURRENT_PROJECT_VERSION = 1;
				ENABLE_BITCODE = NO;
				INFOPLIST_FILE = TheSecondApp_CTV/Info.plist;
				IPHONEOS_DEPLOYMENT_TARGET = 15.1;
				LD_RUNPATH_SEARCH_PATHS = (
					"$(inherited)",
					"@executable_path/Frameworks",
				);
				MARKETING_VERSION = 1.0;
				OTHER_LDFLAGS = (
					"$(inherited)",
					"-ObjC",
					"-lc++",
				);
				PRODUCT_BUNDLE_IDENTIFIER = "org.reactjs.native.example.$(PRODUCT_NAME:rfc1034identifier)";
				PRODUCT_NAME = TheSecondApp_CTV;
				SWIFT_OPTIMIZATION_LEVEL = "-Onone";
				SWIFT_VERSION = 5.0;
				VERSIONING_SYSTEM = "apple-generic";
			};
			name = Debug;
		};
		13B07F951A680F5B00A75B9A /* Release */ = {
			isa = XCBuildConfiguration;
			baseConfigurationReference = 5709B34CF0A7D63546082F79 /* Pods-TheSecondApp_CTV.release.xcconfig */;
			buildSettings = {
				ASSETCATALOG_COMPILER_APPICON_NAME = AppIcon;
				CLANG_ENABLE_MODULES = YES;
				CURRENT_PROJECT_VERSION = 1;
				INFOPLIST_FILE = TheSecondApp_CTV/Info.plist;
				IPHONEOS_DEPLOYMENT_TARGET = 15.1;
				LD_RUNPATH_SEARCH_PATHS = (
					"$(inherited)",
					"@executable_path/Frameworks",
				);
				MARKETING_VERSION = 1.0;
				OTHER_LDFLAGS = (
					"$(inherited)",
					"-ObjC",
					"-lc++",
				);
				PRODUCT_BUNDLE_IDENTIFIER = "org.reactjs.native.example.$(PRODUCT_NAME:rfc1034identifier)";
				PRODUCT_NAME = TheSecondApp_CTV;
				SWIFT_VERSION = 5.0;
				VERSIONING_SYSTEM = "apple-generic";
			};
			name = Release;
		};
		83CBBA201A601CBA00E9B192 /* Debug */ = {
			isa = XCBuildConfiguration;
			buildSettings = {
				ALWAYS_SEARCH_USER_PATHS = NO;
				CLANG_ANALYZER_LOCALIZABILITY_NONLOCALIZED = YES;
				CLANG_CXX_LANGUAGE_STANDARD = "c++20";
				CLANG_CXX_LIBRARY = "libc++";
				CLANG_ENABLE_MODULES = YES;
				CLANG_ENABLE_OBJC_ARC = YES;
				CLANG_WARN_BLOCK_CAPTURE_AUTORELEASING = YES;
				CLANG_WARN_BOOL_CONVERSION = YES;
				CLANG_WARN_COMMA = YES;
				CLANG_WARN_CONSTANT_CONVERSION = YES;
				CLANG_WARN_DEPRECATED_OBJC_IMPLEMENTATIONS = YES;
				CLANG_WARN_DIRECT_OBJC_ISA_USAGE = YES_ERROR;
				CLANG_WARN_EMPTY_BODY = YES;
				CLANG_WARN_ENUM_CONVERSION = YES;
				CLANG_WARN_INFINITE_RECURSION = YES;
				CLANG_WARN_INT_CONVERSION = YES;
				CLANG_WARN_NON_LITERAL_NULL_CONVERSION = YES;
				CLANG_WARN_OBJC_IMPLICIT_RETAIN_SELF = YES;
				CLANG_WARN_OBJC_LITERAL_CONVERSION = YES;
				CLANG_WARN_OBJC_ROOT_CLASS = YES_ERROR;
				CLANG_WARN_QUOTED_INCLUDE_IN_FRAMEWORK_HEADER = YES;
				CLANG_WARN_RANGE_LOOP_ANALYSIS = YES;
				CLANG_WARN_STRICT_PROTOTYPES = YES;
				CLANG_WARN_SUSPICIOUS_MOVE = YES;
				CLANG_WARN_UNREACHABLE_CODE = YES;
				CLANG_WARN__DUPLICATE_METHOD_MATCH = YES;
				"CODE_SIGN_IDENTITY[sdk=iphoneos*]" = "iPhone Developer";
				COPY_PHASE_STRIP = NO;
				ENABLE_STRICT_OBJC_MSGSEND = YES;
				ENABLE_TESTABILITY = YES;
				"EXCLUDED_ARCHS[sdk=iphonesimulator*]" = "";
				GCC_C_LANGUAGE_STANDARD = gnu99;
				GCC_DYNAMIC_NO_PIC = NO;
				GCC_NO_COMMON_BLOCKS = YES;
				GCC_OPTIMIZATION_LEVEL = 0;
				GCC_PREPROCESSOR_DEFINITIONS = (
					"DEBUG=1",
					"$(inherited)",
				);
				GCC_SYMBOLS_PRIVATE_EXTERN = NO;
				GCC_WARN_64_TO_32_BIT_CONVERSION = YES;
				GCC_WARN_ABOUT_RETURN_TYPE = YES_ERROR;
				GCC_WARN_UNDECLARED_SELECTOR = YES;
				GCC_WARN_UNINITIALIZED_AUTOS = YES_AGGRESSIVE;
				GCC_WARN_UNUSED_FUNCTION = YES;
				GCC_WARN_UNUSED_VARIABLE = YES;
				IPHONEOS_DEPLOYMENT_TARGET = 15.1;
				LD_RUNPATH_SEARCH_PATHS = (
					/usr/lib/swift,
					"$(inherited)",
				);
				LIBRARY_SEARCH_PATHS = (
					"\"$(SDKROOT)/usr/lib/swift\"",
					"\"$(TOOLCHAIN_DIR)/usr/lib/swift/$(PLATFORM_NAME)\"",
					"\"$(inherited)\"",
				);
				MTL_ENABLE_DEBUG_INFO = YES;
				ONLY_ACTIVE_ARCH = YES;
				OTHER_CPLUSPLUSFLAGS = (
					"$(OTHER_CFLAGS)",
					"-DFOLLY_NO_CONFIG",
					"-DFOLLY_MOBILE=1",
					"-DFOLLY_USE_LIBCPP=1",
					"-DFOLLY_CFG_NO_COROUTINES=1",
					"-DFOLLY_HAVE_CLOCK_GETTIME=1",
				);
				OTHER_LDFLAGS = (
					"$(inherited)",
					" ",
				);
				REACT_NATIVE_PATH = "${PODS_ROOT}/../../node_modules/react-native";
				SDKROOT = iphoneos;
				SWIFT_ACTIVE_COMPILATION_CONDITIONS = "$(inherited) DEBUG";
				USE_HERMES = true;
			};
			name = Debug;
		};
		83CBBA211A601CBA00E9B192 /* Release */ = {
			isa = XCBuildConfiguration;
			buildSettings = {
				ALWAYS_SEARCH_USER_PATHS = NO;
				CLANG_ANALYZER_LOCALIZABILITY_NONLOCALIZED = YES;
				CLANG_CXX_LANGUAGE_STANDARD = "c++20";
				CLANG_CXX_LIBRARY = "libc++";
				CLANG_ENABLE_MODULES = YES;
				CLANG_ENABLE_OBJC_ARC = YES;
				CLANG_WARN_BLOCK_CAPTURE_AUTORELEASING = YES;
				CLANG_WARN_BOOL_CONVERSION = YES;
				CLANG_WARN_COMMA = YES;
				CLANG_WARN_CONSTANT_CONVERSION = YES;
				CLANG_WARN_DEPRECATED_OBJC_IMPLEMENTATIONS = YES;
				CLANG_WARN_DIRECT_OBJC_ISA_USAGE = YES_ERROR;
				CLANG_WARN_EMPTY_BODY = YES;
				CLANG_WARN_ENUM_CONVERSION = YES;
				CLANG_WARN_INFINITE_RECURSION = YES;
				CLANG_WARN_INT_CONVERSION = YES;
				CLANG_WARN_NON_LITERAL_NULL_CONVERSION = YES;
				CLANG_WARN_OBJC_IMPLICIT_RETAIN_SELF = YES;
				CLANG_WARN_OBJC_LITERAL_CONVERSION = YES;
				CLANG_WARN_OBJC_ROOT_CLASS = YES_ERROR;
				CLANG_WARN_QUOTED_INCLUDE_IN_FRAMEWORK_HEADER = YES;
				CLANG_WARN_RANGE_LOOP_ANALYSIS = YES;
				CLANG_WARN_STRICT_PROTOTYPES = YES;
				CLANG_WARN_SUSPICIOUS_MOVE = YES;
				CLANG_WARN_UNREACHABLE_CODE = YES;
				CLANG_WARN__DUPLICATE_METHOD_MATCH = YES;
				"CODE_SIGN_IDENTITY[sdk=iphoneos*]" = "iPhone Developer";
				COPY_PHASE_STRIP = YES;
				ENABLE_NS_ASSERTIONS = NO;
				ENABLE_STRICT_OBJC_MSGSEND = YES;
				"EXCLUDED_ARCHS[sdk=iphonesimulator*]" = "";
				GCC_C_LANGUAGE_STANDARD = gnu99;
				GCC_NO_COMMON_BLOCKS = YES;
				GCC_WARN_64_TO_32_BIT_CONVERSION = YES;
				GCC_WARN_ABOUT_RETURN_TYPE = YES_ERROR;
				GCC_WARN_UNDECLARED_SELECTOR = YES;
				GCC_WARN_UNINITIALIZED_AUTOS = YES_AGGRESSIVE;
				GCC_WARN_UNUSED_FUNCTION = YES;
				GCC_WARN_UNUSED_VARIABLE = YES;
				IPHONEOS_DEPLOYMENT_TARGET = 15.1;
				LD_RUNPATH_SEARCH_PATHS = (
					/usr/lib/swift,
					"$(inherited)",
				);
				LIBRARY_SEARCH_PATHS = (
					"\"$(SDKROOT)/usr/lib/swift\"",
					"\"$(TOOLCHAIN_DIR)/usr/lib/swift/$(PLATFORM_NAME)\"",
					"\"$(inherited)\"",
				);
				MTL_ENABLE_DEBUG_INFO = NO;
				OTHER_CPLUSPLUSFLAGS = (
					"$(OTHER_CFLAGS)",
					"-DFOLLY_NO_CONFIG",
					"-DFOLLY_MOBILE=1",
					"-DFOLLY_USE_LIBCPP=1",
					"-DFOLLY_CFG_NO_COROUTINES=1",
					"-DFOLLY_HAVE_CLOCK_GETTIME=1",
				);
				OTHER_LDFLAGS = (
					"$(inherited)",
					" ",
				);
				REACT_NATIVE_PATH = "${PODS_ROOT}/../../node_modules/react-native";
				SDKROOT = iphoneos;
				USE_HERMES = true;
				VALIDATE_PRODUCT = YES;
			};
			name = Release;
		};
/* End XCBuildConfiguration section */

/* Begin XCConfigurationList section */
		13B07F931A680F5B00A75B9A /* Build configuration list for PBXNativeTarget "TheSecondApp_CTV" */ = {
			isa = XCConfigurationList;
			buildConfigurations = (
				13B07F941A680F5B00A75B9A /* Debug */,
				13B07F951A680F5B00A75B9A /* Release */,
			);
			defaultConfigurationIsVisible = 0;
			defaultConfigurationName = Release;
		};
		83CBB9FA1A601CBA00E9B192 /* Build configuration list for PBXProject "TheSecondApp_CTV" */ = {
			isa = XCConfigurationList;
			buildConfigurations = (
				83CBBA201A601CBA00E9B192 /* Debug */,
				83CBBA211A601CBA00E9B192 /* Release */,
			);
			defaultConfigurationIsVisible = 0;
			defaultConfigurationName = Release;
		};
/* End XCConfigurationList section */
	};
	rootObject = 83CBB9F71A601CBA00E9B192 /* Project object */;
}
